<?xml version="1.0" encoding="utf-8"?>
<Project ToolsVersion="4.0" xmlns="http://schemas.microsoft.com/developer/msbuild/2003">
  <ItemGroup>
    <ClCompile Include="main.cpp" />
  </ItemGroup>
  <ItemGroup>
    <ClInclude Include="Bag.h">
      <Filter>DataStructs</Filter>
    </ClInclude>
    <ClInclude Include="BinarySearchST.h">
      <Filter>DataStructs</Filter>
    </ClInclude>
    <ClInclude Include="OrderElementaryPQ.h">
      <Filter>DataStructs</Filter>
    </ClInclude>
    <ClInclude Include="PQCompare.h">
      <Filter>DataStructs</Filter>
    </ClInclude>
    <ClInclude Include="Queue.h">
      <Filter>DataStructs</Filter>
    </ClInclude>
    <ClInclude Include="SequentialSearchST.h">
      <Filter>DataStructs</Filter>
    </ClInclude>
    <ClInclude Include="SingleLinkNode.h">
      <Filter>DataStructs</Filter>
    </ClInclude>
    <ClInclude Include="Stack.h">
      <Filter>DataStructs</Filter>
    </ClInclude>
    <ClInclude Include="STCompare.h">
      <Filter>DataStructs</Filter>
    </ClInclude>
    <ClInclude Include="UnorderElementaryMaxPQ.h">
      <Filter>DataStructs</Filter>
    </ClInclude>
    <ClInclude Include="BST.h">
      <Filter>DataStructs</Filter>
    </ClInclude>
    <ClInclude Include="DoubleLinkNode.h">
      <Filter>DataStructs</Filter>
    </ClInclude>
    <ClInclude Include="RedBlackST.h">
      <Filter>DataStructs</Filter>
    </ClInclude>
    <ClInclude Include="SortCompare.h">
      <Filter>Algorithms\Sort</Filter>
    </ClInclude>
    <ClInclude Include="BinaryHeapSort.h">
      <Filter>Algorithms\Sort</Filter>
    </ClInclude>
    <ClInclude Include="HillSort.h">
      <Filter>Algorithms\Sort</Filter>
    </ClInclude>
    <ClInclude Include="InsertionSort.h">
      <Filter>Algorithms\Sort</Filter>
    </ClInclude>
    <ClInclude Include="MergeBUSort.h">
      <Filter>Algorithms\Sort</Filter>
    </ClInclude>
    <ClInclude Include="MergeSort.h">
      <Filter>Algorithms\Sort</Filter>
    </ClInclude>
    <ClInclude Include="Quick3Sort.h">
      <Filter>Algorithms\Sort</Filter>
    </ClInclude>
    <ClInclude Include="QuickSort.h">
      <Filter>Algorithms\Sort</Filter>
    </ClInclude>
    <ClInclude Include="SelectionSort.h">
      <Filter>Algorithms\Sort</Filter>
    </ClInclude>
    <ClInclude Include="QuickFindUF.h">
      <Filter>Algorithms\Graph</Filter>
    </ClInclude>
    <ClInclude Include="QuickUnion.h">
      <Filter>Algorithms\Graph</Filter>
    </ClInclude>
    <ClInclude Include="WeightQuickUnion.h">
      <Filter>Algorithms\Graph</Filter>
    </ClInclude>
    <ClInclude Include="Graph.h">
      <Filter>DataStructs</Filter>
    </ClInclude>
    <ClInclude Include="DepthFirstSearch.h">
      <Filter>Algorithms\Graph</Filter>
    </ClInclude>
    <ClInclude Include="Search.h">
      <Filter>Algorithms\Graph</Filter>
    </ClInclude>
    <ClInclude Include="BreadthFirshSearch.h">
      <Filter>Algorithms\Graph</Filter>
    </ClInclude>
    <ClInclude Include="Paths.h">
      <Filter>Algorithms\Graph</Filter>
    </ClInclude>
    <ClInclude Include="DepthFirstPaths.h">
      <Filter>Algorithms\Graph</Filter>
    </ClInclude>
    <ClInclude Include="BreadthFirshPaths.h">
      <Filter>Algorithms\Graph</Filter>
    </ClInclude>
    <ClInclude Include="DepthFirstCC.h">
      <Filter>Algorithms\Graph</Filter>
    </ClInclude>
    <ClInclude Include="CC.h">
      <Filter>Algorithms\Graph</Filter>
    </ClInclude>
    <ClInclude Include="BreadthFirshCC.h">
      <Filter>Algorithms\Graph</Filter>
    </ClInclude>
    <ClInclude Include="Cycle.h">
      <Filter>Algorithms\Graph</Filter>
    </ClInclude>
    <ClInclude Include="DepthFirstCycle.h">
      <Filter>Algorithms\Graph</Filter>
    </ClInclude>
    <ClInclude Include="BreadthFirstCycle.h">
      <Filter>Algorithms\Graph</Filter>
    </ClInclude>
    <ClInclude Include="TwoColor.h">
      <Filter>Algorithms\Graph</Filter>
    </ClInclude>
    <ClInclude Include="DepthFirstTwoColor.h">
      <Filter>Algorithms\Graph</Filter>
    </ClInclude>
    <ClInclude Include="BreadthFirstTwoColor.h">
      <Filter>Algorithms\Graph</Filter>
    </ClInclude>
    <ClInclude Include="DirectedDFSearch.h">
      <Filter>Algorithms\Graph</Filter>
    </ClInclude>
    <ClInclude Include="DiGraph.h">
      <Filter>DataStructs</Filter>
    </ClInclude>
    <ClInclude Include="DirectedDFPaths.h">
      <Filter>Algorithms\Graph</Filter>
    </ClInclude>
    <ClInclude Include="DirectedBFPaths.h">
      <Filter>Algorithms\Graph</Filter>
    </ClInclude>
    <ClInclude Include="DirectedDFCycle.h">
      <Filter>Algorithms\Graph</Filter>
    </ClInclude>
    <ClInclude Include="DirectedDFOrder.h">
      <Filter>Algorithms\Graph</Filter>
    </ClInclude>
    <ClInclude Include="DirectedDFTopologic.h">
      <Filter>Algorithms\Graph</Filter>
    </ClInclude>
    <ClInclude Include="DirectedDFSCC.h">
      <Filter>Algorithms\Graph</Filter>
    </ClInclude>
    <ClInclude Include="BinaryHeapMaxPQ.h">
      <Filter>DataStructs</Filter>
    </ClInclude>
    <ClInclude Include="BinaryHeapMinPQ.h">
      <Filter>DataStructs</Filter>
    </ClInclude>
    <ClInclude Include="BinaryHeapIndexMinPQ.h">
      <Filter>DataStructs</Filter>
    </ClInclude>
    <ClInclude Include="Edge.h">
      <Filter>DataStructs</Filter>
    </ClInclude>
    <ClInclude Include="EdgeWeightedGraph.h">
      <Filter>DataStructs</Filter>
    </ClInclude>
    <ClInclude Include="MST.h">
      <Filter>Algorithms\Graph</Filter>
    </ClInclude>
    <ClInclude Include="LazyPrimMST.h">
      <Filter>Algorithms\Graph</Filter>
    </ClInclude>
    <ClInclude Include="PrimMST.h">
      <Filter>Algorithms\Graph</Filter>
    </ClInclude>
    <ClInclude Include="KruskalMST.h">
      <Filter>Algorithms\Graph</Filter>
    </ClInclude>
    <ClInclude Include="DirectedEdge.h">
      <Filter>DataStructs</Filter>
    </ClInclude>
    <ClInclude Include="EdgeWeightedDiGraph.h">
      <Filter>DataStructs</Filter>
    </ClInclude>
    <ClInclude Include="SP.h">
      <Filter>Algorithms\Graph</Filter>
    </ClInclude>
    <ClInclude Include="EdgeWeightedDirectedDFCycle.h">
      <Filter>Algorithms\Graph</Filter>
    </ClInclude>
    <ClInclude Include="EdgeWeightedDirectedDFOrder.h">
      <Filter>Algorithms\Graph</Filter>
    </ClInclude>
    <ClInclude Include="EdgeWeightedDirectedTopologic.h">
      <Filter>Algorithms\Graph</Filter>
    </ClInclude>
    <ClInclude Include="TopologicSP.h">
      <Filter>Algorithms\Graph</Filter>
    </ClInclude>
    <ClInclude Include="BellmanFordSP.h">
      <Filter>Algorithms\Graph</Filter>
    </ClInclude>
    <ClInclude Include="DijkstraSP.h">
      <Filter>Algorithms\Graph</Filter>
    </ClInclude>
    <ClInclude Include="Alphabet.h">
      <Filter>DataStructs</Filter>
    </ClInclude>
    <ClInclude Include="LSD.h">
      <Filter>Algorithms\String</Filter>
    </ClInclude>
    <ClInclude Include="MSD.h">
      <Filter>Algorithms\String</Filter>
    </ClInclude>
    <ClInclude Include="Quick3String.h">
      <Filter>Algorithms\String</Filter>
    </ClInclude>
    <ClInclude Include="TrieST.h">
      <Filter>DataStructs</Filter>
    </ClInclude>
    <ClInclude Include="TrieNode.h">
      <Filter>DataStructs</Filter>
    </ClInclude>
    <ClInclude Include="TST.h">
      <Filter>DataStructs</Filter>
    </ClInclude>
    <ClInclude Include="TNode.h">
      <Filter>DataStructs</Filter>
    </ClInclude>
  </ItemGroup>
  <ItemGroup>
    <Filter Include="DataStructs">
      <UniqueIdentifier>{00203759-6759-4390-ab46-4ec075a29650}</UniqueIdentifier>
    </Filter>
    <Filter Include="Algorithms">
      <UniqueIdentifier>{3e25c01e-b9ce-4956-a055-f53ef3211f8a}</UniqueIdentifier>
    </Filter>
    <Filter Include="Algorithms\Sort">
      <UniqueIdentifier>{0273eace-b746-47d0-b013-a760d18525ad}</UniqueIdentifier>
    </Filter>
    <Filter Include="Algorithms\Graph">
      <UniqueIdentifier>{7a7bf881-15ee-46e8-9005-cb083d278a43}</UniqueIdentifier>
    </Filter>
    <Filter Include="Algorithms\String">
      <UniqueIdentifier>{fd71814c-250e-4bc4-bbd6-e9493942365a}</UniqueIdentifier>
    </Filter>
  </ItemGroup>
</Project>